// !$*UTF8*$!
{
	archiveVersion = 1;
	classes = {
	};
	objectVersion = 46;
	objects = {

/* Begin PBXCopyFilesBuildPhase section */
		EC1364AC1D361033001912E4 /* CopyFiles */ = {
			isa = PBXCopyFilesBuildPhase;
			buildActionMask = 2147483647;
			dstPath = "include/$(PRODUCT_NAME)";
			dstSubfolderSpec = 16;
			files = (
			);
			runOnlyForDeploymentPostprocessing = 0;
		};
/* End PBXCopyFilesBuildPhase section */

/* Begin PBXFileReference section */
		07A19D4D147E7F95B3FE6556 /* Pods.release.xcconfig */ = {isa = PBXFileReference; includeInIndex = 1; lastKnownFileType = text.xcconfig; name = Pods.release.xcconfig; path = "Pods/Target Support Files/Pods/Pods.release.xcconfig"; sourceTree = "<group>"; };
		138FF1923092ED0DCD24B887 /* libPods.a */ = {isa = PBXFileReference; explicitFileType = archive.ar; includeInIndex = 0; path = libPods.a; sourceTree = BUILT_PRODUCTS_DIR; };
		C11859F2D5B8E52523DA8195 /* Pods.debug.xcconfig */ = {isa = PBXFileReference; includeInIndex = 1; lastKnownFileType = text.xcconfig; name = Pods.debug.xcconfig; path = "Pods/Target Support Files/Pods/Pods.debug.xcconfig"; sourceTree = "<group>"; };
		EC13647B1D34CE2D001912E4 /* MSLocationService.h */ = {isa = PBXFileReference; fileEncoding = 4; lastKnownFileType = sourcecode.c.h; path = MSLocationService.h; sourceTree = "<group>"; };
		EC13647C1D34CE2D001912E4 /* MSLocationService.m */ = {isa = PBXFileReference; fileEncoding = 4; lastKnownFileType = sourcecode.c.objc; path = MSLocationService.m; sourceTree = "<group>"; };
		EC1364AE1D361033001912E4 /* libRNComponents.a */ = {isa = PBXFileReference; explicitFileType = archive.ar; includeInIndex = 0; path = libRNComponents.a; sourceTree = BUILT_PRODUCTS_DIR; };
		EC37A1871D334D490032D738 /* AppDelegate.h */ = {isa = PBXFileReference; fileEncoding = 4; lastKnownFileType = sourcecode.c.h; path = AppDelegate.h; sourceTree = "<group>"; };
		EC37A1881D334D490032D738 /* AppDelegate.m */ = {isa = PBXFileReference; fileEncoding = 4; lastKnownFileType = sourcecode.c.objc; path = AppDelegate.m; sourceTree = "<group>"; };
		EC37A18A1D334D490032D738 /* Base */ = {isa = PBXFileReference; lastKnownFileType = file.xib; name = Base; path = Base.lproj/LaunchScreen.xib; sourceTree = "<group>"; };
		EC37A18B1D334D490032D738 /* Images.xcassets */ = {isa = PBXFileReference; lastKnownFileType = folder.assetcatalog; path = Images.xcassets; sourceTree = "<group>"; };
		EC37A18C1D334D490032D738 /* Info.plist */ = {isa = PBXFileReference; fileEncoding = 4; lastKnownFileType = text.plist.xml; path = Info.plist; sourceTree = "<group>"; };
		EC37A18D1D334D490032D738 /* main.m */ = {isa = PBXFileReference; fileEncoding = 4; lastKnownFileType = sourcecode.c.objc; path = main.m; sourceTree = "<group>"; };
		EC37A18F1D334D490032D738 /* MSColor.h */ = {isa = PBXFileReference; fileEncoding = 4; lastKnownFileType = sourcecode.c.h; path = MSColor.h; sourceTree = "<group>"; };
		EC37A1901D334D490032D738 /* MSColor.m */ = {isa = PBXFileReference; fileEncoding = 4; lastKnownFileType = sourcecode.c.objc; path = MSColor.m; sourceTree = "<group>"; };
		EC37A1911D334D490032D738 /* MSFont.h */ = {isa = PBXFileReference; fileEncoding = 4; lastKnownFileType = sourcecode.c.h; path = MSFont.h; sourceTree = "<group>"; };
		EC37A1921D334D490032D738 /* MSFont.m */ = {isa = PBXFileReference; fileEncoding = 4; lastKnownFileType = sourcecode.c.objc; path = MSFont.m; sourceTree = "<group>"; };
		EC37A1941D334D490032D738 /* MSCircleTextManager.h */ = {isa = PBXFileReference; fileEncoding = 4; lastKnownFileType = sourcecode.c.h; path = MSCircleTextManager.h; sourceTree = "<group>"; };
		EC37A1951D334D490032D738 /* MSCircleTextManager.m */ = {isa = PBXFileReference; fileEncoding = 4; lastKnownFileType = sourcecode.c.objc; path = MSCircleTextManager.m; sourceTree = "<group>"; };
		EC37A1961D334D490032D738 /* MSCircleTextView.h */ = {isa = PBXFileReference; fileEncoding = 4; lastKnownFileType = sourcecode.c.h; path = MSCircleTextView.h; sourceTree = "<group>"; };
		EC37A1971D334D490032D738 /* MSCircleTextView.m */ = {isa = PBXFileReference; fileEncoding = 4; lastKnownFileType = sourcecode.c.objc; path = MSCircleTextView.m; sourceTree = "<group>"; };
		EC37A1991D334D490032D738 /* MSConfig.m */ = {isa = PBXFileReference; fileEncoding = 4; lastKnownFileType = sourcecode.c.objc; path = MSConfig.m; sourceTree = "<group>"; };
		EC37A19B1D334D490032D738 /* MSHtmlTxtManager.h */ = {isa = PBXFileReference; fileEncoding = 4; lastKnownFileType = sourcecode.c.h; path = MSHtmlTxtManager.h; sourceTree = "<group>"; };
		EC37A19C1D334D490032D738 /* MSHtmlTxtManager.m */ = {isa = PBXFileReference; fileEncoding = 4; lastKnownFileType = sourcecode.c.objc; path = MSHtmlTxtManager.m; sourceTree = "<group>"; };
		EC37A19D1D334D490032D738 /* MSHtmlTxtView.h */ = {isa = PBXFileReference; fileEncoding = 4; lastKnownFileType = sourcecode.c.h; path = MSHtmlTxtView.h; sourceTree = "<group>"; };
		EC37A19E1D334D490032D738 /* MSHtmlTxtView.m */ = {isa = PBXFileReference; fileEncoding = 4; lastKnownFileType = sourcecode.c.objc; path = MSHtmlTxtView.m; sourceTree = "<group>"; };
		EC37A1A01D334D490032D738 /* RNImageCrop.h */ = {isa = PBXFileReference; fileEncoding = 4; lastKnownFileType = sourcecode.c.h; path = RNImageCrop.h; sourceTree = "<group>"; };
		EC37A1A11D334D490032D738 /* RNImageCrop.m */ = {isa = PBXFileReference; fileEncoding = 4; lastKnownFileType = sourcecode.c.objc; path = RNImageCrop.m; sourceTree = "<group>"; };
		EC37A1A21D334D490032D738 /* RNImageEditor.h */ = {isa = PBXFileReference; fileEncoding = 4; lastKnownFileType = sourcecode.c.h; path = RNImageEditor.h; sourceTree = "<group>"; };
		EC37A1A31D334D490032D738 /* RNImageEditor.m */ = {isa = PBXFileReference; fileEncoding = 4; lastKnownFileType = sourcecode.c.objc; path = RNImageEditor.m; sourceTree = "<group>"; };
		EC37A1A41D334D490032D738 /* RNImageEditorManager.h */ = {isa = PBXFileReference; fileEncoding = 4; lastKnownFileType = sourcecode.c.h; path = RNImageEditorManager.h; sourceTree = "<group>"; };
		EC37A1A51D334D490032D738 /* RNImageEditorManager.m */ = {isa = PBXFileReference; fileEncoding = 4; lastKnownFileType = sourcecode.c.objc; path = RNImageEditorManager.m; sourceTree = "<group>"; };
		EC37A1A61D334D490032D738 /* UIImage+Alpha.h */ = {isa = PBXFileReference; fileEncoding = 4; lastKnownFileType = sourcecode.c.h; path = "UIImage+Alpha.h"; sourceTree = "<group>"; };
		EC37A1A71D334D490032D738 /* UIImage+Alpha.m */ = {isa = PBXFileReference; fileEncoding = 4; lastKnownFileType = sourcecode.c.objc; path = "UIImage+Alpha.m"; sourceTree = "<group>"; };
		EC37A1A81D334D490032D738 /* UIImage+Resize.h */ = {isa = PBXFileReference; fileEncoding = 4; lastKnownFileType = sourcecode.c.h; path = "UIImage+Resize.h"; sourceTree = "<group>"; };
		EC37A1A91D334D490032D738 /* UIImage+Resize.m */ = {isa = PBXFileReference; fileEncoding = 4; lastKnownFileType = sourcecode.c.objc; path = "UIImage+Resize.m"; sourceTree = "<group>"; };
		EC37A1AA1D334D490032D738 /* UIImage+RoundedCorne.h */ = {isa = PBXFileReference; fileEncoding = 4; lastKnownFileType = sourcecode.c.h; path = "UIImage+RoundedCorne.h"; sourceTree = "<group>"; };
		EC37A1AB1D334D490032D738 /* UIImage+RoundedCorne.m */ = {isa = PBXFileReference; fileEncoding = 4; lastKnownFileType = sourcecode.c.objc; path = "UIImage+RoundedCorne.m"; sourceTree = "<group>"; };
		EC37A1AD1D334D490032D738 /* MSAddress.h */ = {isa = PBXFileReference; fileEncoding = 4; lastKnownFileType = sourcecode.c.h; path = MSAddress.h; sourceTree = "<group>"; };
		EC37A1AE1D334D490032D738 /* MSAddress.m */ = {isa = PBXFileReference; fileEncoding = 4; lastKnownFileType = sourcecode.c.objc; path = MSAddress.m; sourceTree = "<group>"; };
		EC37A1AF1D334D490032D738 /* MSAdjustViewController.h */ = {isa = PBXFileReference; fileEncoding = 4; lastKnownFileType = sourcecode.c.h; path = MSAdjustViewController.h; sourceTree = "<group>"; };
		EC37A1B01D334D490032D738 /* MSAdjustViewController.m */ = {isa = PBXFileReference; fileEncoding = 4; lastKnownFileType = sourcecode.c.objc; path = MSAdjustViewController.m; sourceTree = "<group>"; };
		EC37A1B11D334D490032D738 /* MSAdjustViewController.xib */ = {isa = PBXFileReference; fileEncoding = 4; lastKnownFileType = file.xib; path = MSAdjustViewController.xib; sourceTree = "<group>"; };
		EC37A1B21D334D490032D738 /* MSCustomAnnotationView.h */ = {isa = PBXFileReference; fileEncoding = 4; lastKnownFileType = sourcecode.c.h; path = MSCustomAnnotationView.h; sourceTree = "<group>"; };
		EC37A1B31D334D490032D738 /* MSCustomAnnotationView.m */ = {isa = PBXFileReference; fileEncoding = 4; lastKnownFileType = sourcecode.c.objc; path = MSCustomAnnotationView.m; sourceTree = "<group>"; };
		EC37A1B41D334D490032D738 /* MSCustomCalloutView.h */ = {isa = PBXFileReference; fileEncoding = 4; lastKnownFileType = sourcecode.c.h; path = MSCustomCalloutView.h; sourceTree = "<group>"; };
		EC37A1B51D334D490032D738 /* MSCustomCalloutView.m */ = {isa = PBXFileReference; fileEncoding = 4; lastKnownFileType = sourcecode.c.objc; path = MSCustomCalloutView.m; sourceTree = "<group>"; };
		EC37A1B61D334D490032D738 /* MSMapController.h */ = {isa = PBXFileReference; fileEncoding = 4; lastKnownFileType = sourcecode.c.h; path = MSMapController.h; sourceTree = "<group>"; };
		EC37A1B71D334D490032D738 /* MSMapController.m */ = {isa = PBXFileReference; fileEncoding = 4; lastKnownFileType = sourcecode.c.objc; path = MSMapController.m; sourceTree = "<group>"; };
		EC37A1B81D334D490032D738 /* MSMapStatus.h */ = {isa = PBXFileReference; fileEncoding = 4; lastKnownFileType = sourcecode.c.h; path = MSMapStatus.h; sourceTree = "<group>"; };
		EC37A1B91D334D490032D738 /* MSMapStatus.m */ = {isa = PBXFileReference; fileEncoding = 4; lastKnownFileType = sourcecode.c.objc; path = MSMapStatus.m; sourceTree = "<group>"; };
		EC37A1BA1D334D490032D738 /* MSMapViewManager.h */ = {isa = PBXFileReference; fileEncoding = 4; lastKnownFileType = sourcecode.c.h; path = MSMapViewManager.h; sourceTree = "<group>"; };
		EC37A1BB1D334D490032D738 /* MSMapViewManager.m */ = {isa = PBXFileReference; fileEncoding = 4; lastKnownFileType = sourcecode.c.objc; path = MSMapViewManager.m; sourceTree = "<group>"; };
		EC37A1BC1D334D490032D738 /* MSSearchMapController.h */ = {isa = PBXFileReference; fileEncoding = 4; lastKnownFileType = sourcecode.c.h; path = MSSearchMapController.h; sourceTree = "<group>"; };
		EC37A1BD1D334D490032D738 /* MSSearchMapController.m */ = {isa = PBXFileReference; fileEncoding = 4; lastKnownFileType = sourcecode.c.objc; path = MSSearchMapController.m; sourceTree = "<group>"; };
		EC37A1BF1D334D490032D738 /* MSMaskInput.h */ = {isa = PBXFileReference; fileEncoding = 4; lastKnownFileType = sourcecode.c.h; path = MSMaskInput.h; sourceTree = "<group>"; };
		EC37A1C01D334D490032D738 /* MSMaskInput.m */ = {isa = PBXFileReference; fileEncoding = 4; lastKnownFileType = sourcecode.c.objc; path = MSMaskInput.m; sourceTree = "<group>"; };
		EC37A1C11D334D490032D738 /* MSMaskInputManager.h */ = {isa = PBXFileReference; fileEncoding = 4; lastKnownFileType = sourcecode.c.h; path = MSMaskInputManager.h; sourceTree = "<group>"; };
		EC37A1C21D334D490032D738 /* MSMaskInputManager.m */ = {isa = PBXFileReference; fileEncoding = 4; lastKnownFileType = sourcecode.c.objc; path = MSMaskInputManager.m; sourceTree = "<group>"; };
		EC37A1C41D334D490032D738 /* MSOverlay.h */ = {isa = PBXFileReference; fileEncoding = 4; lastKnownFileType = sourcecode.c.h; path = MSOverlay.h; sourceTree = "<group>"; };
		EC37A1C51D334D490032D738 /* MSOverlay.m */ = {isa = PBXFileReference; fileEncoding = 4; lastKnownFileType = sourcecode.c.objc; path = MSOverlay.m; sourceTree = "<group>"; };
		EC37A1C61D334D490032D738 /* MSOverlayManager.h */ = {isa = PBXFileReference; fileEncoding = 4; lastKnownFileType = sourcecode.c.h; path = MSOverlayManager.h; sourceTree = "<group>"; };
		EC37A1C71D334D490032D738 /* MSOverlayManager.m */ = {isa = PBXFileReference; fileEncoding = 4; lastKnownFileType = sourcecode.c.objc; path = MSOverlayManager.m; sourceTree = "<group>"; };
		EC37A1C81D334D490032D738 /* RNClickThroughWindow.h */ = {isa = PBXFileReference; fileEncoding = 4; lastKnownFileType = sourcecode.c.h; path = RNClickThroughWindow.h; sourceTree = "<group>"; };
		EC37A1C91D334D490032D738 /* RNClickThroughWindow.m */ = {isa = PBXFileReference; fileEncoding = 4; lastKnownFileType = sourcecode.c.objc; path = RNClickThroughWindow.m; sourceTree = "<group>"; };
		EC37A1CB1D334D490032D738 /* UIImagePickerManager.h */ = {isa = PBXFileReference; fileEncoding = 4; lastKnownFileType = sourcecode.c.h; path = UIImagePickerManager.h; sourceTree = "<group>"; };
		EC37A1CC1D334D490032D738 /* UIImagePickerManager.m */ = {isa = PBXFileReference; fileEncoding = 4; lastKnownFileType = sourcecode.c.objc; path = UIImagePickerManager.m; sourceTree = "<group>"; };
		EC37A1CE1D334D490032D738 /* MSPicker.h */ = {isa = PBXFileReference; fileEncoding = 4; lastKnownFileType = sourcecode.c.h; path = MSPicker.h; sourceTree = "<group>"; };
		EC37A1CF1D334D490032D738 /* MSPicker.m */ = {isa = PBXFileReference; fileEncoding = 4; lastKnownFileType = sourcecode.c.objc; path = MSPicker.m; sourceTree = "<group>"; };
		EC37A1D01D334D490032D738 /* MSPickerManager.h */ = {isa = PBXFileReference; fileEncoding = 4; lastKnownFileType = sourcecode.c.h; path = MSPickerManager.h; sourceTree = "<group>"; };
		EC37A1D11D334D490032D738 /* MSPickerManager.m */ = {isa = PBXFileReference; fileEncoding = 4; lastKnownFileType = sourcecode.c.objc; path = MSPickerManager.m; sourceTree = "<group>"; };
		EC37A1D31D334D490032D738 /* MSSilder.h */ = {isa = PBXFileReference; fileEncoding = 4; lastKnownFileType = sourcecode.c.h; path = MSSilder.h; sourceTree = "<group>"; };
		EC37A1D41D334D490032D738 /* MSSilder.m */ = {isa = PBXFileReference; fileEncoding = 4; lastKnownFileType = sourcecode.c.objc; path = MSSilder.m; sourceTree = "<group>"; };
		EC37A1D51D334D490032D738 /* MSSliderManager.h */ = {isa = PBXFileReference; fileEncoding = 4; lastKnownFileType = sourcecode.c.h; path = MSSliderManager.h; sourceTree = "<group>"; };
		EC37A1D61D334D490032D738 /* MSSliderManager.m */ = {isa = PBXFileReference; fileEncoding = 4; lastKnownFileType = sourcecode.c.objc; path = MSSliderManager.m; sourceTree = "<group>"; };
		EC37A1D81D334D490032D738 /* MSTableView.h */ = {isa = PBXFileReference; fileEncoding = 4; lastKnownFileType = sourcecode.c.h; path = MSTableView.h; sourceTree = "<group>"; };
		EC37A1D91D334D490032D738 /* MSTableView.m */ = {isa = PBXFileReference; fileEncoding = 4; lastKnownFileType = sourcecode.c.objc; path = MSTableView.m; sourceTree = "<group>"; };
		EC37A1DA1D334D490032D738 /* MSTableViewManager.h */ = {isa = PBXFileReference; fileEncoding = 4; lastKnownFileType = sourcecode.c.h; path = MSTableViewManager.h; sourceTree = "<group>"; };
		EC37A1DB1D334D490032D738 /* MSTableViewManager.m */ = {isa = PBXFileReference; fileEncoding = 4; lastKnownFileType = sourcecode.c.objc; path = MSTableViewManager.m; sourceTree = "<group>"; };
		EC37A2211D3351110032D738 /* AMap.bundle */ = {isa = PBXFileReference; lastKnownFileType = "wrapper.plug-in"; path = AMap.bundle; sourceTree = "<group>"; };
		EC37A2231D3368A20032D738 /* libstdc++.6.0.9.tbd */ = {isa = PBXFileReference; lastKnownFileType = "sourcecode.text-based-dylib-definition"; name = "libstdc++.6.0.9.tbd"; path = "usr/lib/libstdc++.6.0.9.tbd"; sourceTree = SDKROOT; };
		EC37A2251D3368B50032D738 /* libz.tbd */ = {isa = PBXFileReference; lastKnownFileType = "sourcecode.text-based-dylib-definition"; name = libz.tbd; path = usr/lib/libz.tbd; sourceTree = SDKROOT; };
		EC37A2271D336ADE0032D738 /* libc++.tbd */ = {isa = PBXFileReference; lastKnownFileType = "sourcecode.text-based-dylib-definition"; name = "libc++.tbd"; path = "usr/lib/libc++.tbd"; sourceTree = SDKROOT; };
		EC37A22F1D336D250032D738 /* libsqlite3.tbd */ = {isa = PBXFileReference; lastKnownFileType = "sourcecode.text-based-dylib-definition"; name = libsqlite3.tbd; path = usr/lib/libsqlite3.tbd; sourceTree = SDKROOT; };
		EC37A2331D336F0F0032D738 /* MAMapKit.framework */ = {isa = PBXFileReference; lastKnownFileType = wrapper.framework; path = MAMapKit.framework; sourceTree = "<group>"; };
		EC37A2391D336FBD0032D738 /* AMapSearchKit.framework */ = {isa = PBXFileReference; lastKnownFileType = wrapper.framework; path = AMapSearchKit.framework; sourceTree = "<group>"; };
		EC37A23B1D3370BB0032D738 /* AudioToolbox.framework */ = {isa = PBXFileReference; lastKnownFileType = wrapper.framework; name = AudioToolbox.framework; path = System/Library/Frameworks/AudioToolbox.framework; sourceTree = SDKROOT; };
		EC37A23D1D3370C10032D738 /* AVFoundation.framework */ = {isa = PBXFileReference; lastKnownFileType = wrapper.framework; name = AVFoundation.framework; path = System/Library/Frameworks/AVFoundation.framework; sourceTree = SDKROOT; };
		EC37A23F1D3370C90032D738 /* AddressBook.framework */ = {isa = PBXFileReference; lastKnownFileType = wrapper.framework; name = AddressBook.framework; path = System/Library/Frameworks/AddressBook.framework; sourceTree = SDKROOT; };
		EC37A2411D3370D30032D738 /* CoreTelephony.framework */ = {isa = PBXFileReference; lastKnownFileType = wrapper.framework; name = CoreTelephony.framework; path = System/Library/Frameworks/CoreTelephony.framework; sourceTree = SDKROOT; };
		EC37A2431D3370DB0032D738 /* Security.framework */ = {isa = PBXFileReference; lastKnownFileType = wrapper.framework; name = Security.framework; path = System/Library/Frameworks/Security.framework; sourceTree = SDKROOT; };
		EC37A2451D3370E30032D738 /* SystemConfiguration.framework */ = {isa = PBXFileReference; lastKnownFileType = wrapper.framework; name = SystemConfiguration.framework; path = System/Library/Frameworks/SystemConfiguration.framework; sourceTree = SDKROOT; };
		EC37A2471D3370ED0032D738 /* CoreGraphics.framework */ = {isa = PBXFileReference; lastKnownFileType = wrapper.framework; name = CoreGraphics.framework; path = System/Library/Frameworks/CoreGraphics.framework; sourceTree = SDKROOT; };
		EC37A2491D3489580032D738 /* MSConfig.h */ = {isa = PBXFileReference; lastKnownFileType = sourcecode.c.h; name = MSConfig.h; path = RNComponents/MSConfig.h; sourceTree = SOURCE_ROOT; };
/* End PBXFileReference section */

/* Begin PBXFrameworksBuildPhase section */
		EC1364AB1D361033001912E4 /* Frameworks */ = {
			isa = PBXFrameworksBuildPhase;
			buildActionMask = 2147483647;
			files = (
			);
			runOnlyForDeploymentPostprocessing = 0;
		};
/* End PBXFrameworksBuildPhase section */

/* Begin PBXGroup section */
		83CBB9F61A601CBA00E9B192 = {
			isa = PBXGroup;
			children = (
				EC37A2211D3351110032D738 /* AMap.bundle */,
				EC37A1861D334D490032D738 /* RNComponents */,
				83CBBA001A601CBA00E9B192 /* Products */,
				EC37A1531D3346A30032D738 /* Frameworks */,
				B5D24C0E8C6B82330657C7E7 /* Pods */,
			);
			indentWidth = 2;
			sourceTree = "<group>";
			tabWidth = 2;
		};
		83CBBA001A601CBA00E9B192 /* Products */ = {
			isa = PBXGroup;
			children = (
				EC1364AE1D361033001912E4 /* libRNComponents.a */,
			);
			name = Products;
			sourceTree = "<group>";
		};
		B5D24C0E8C6B82330657C7E7 /* Pods */ = {
			isa = PBXGroup;
			children = (
				C11859F2D5B8E52523DA8195 /* Pods.debug.xcconfig */,
				07A19D4D147E7F95B3FE6556 /* Pods.release.xcconfig */,
			);
			name = Pods;
			sourceTree = "<group>";
		};
		EC13647A1D34CE2D001912E4 /* MSLocationService */ = {
			isa = PBXGroup;
			children = (
				EC13647B1D34CE2D001912E4 /* MSLocationService.h */,
				EC13647C1D34CE2D001912E4 /* MSLocationService.m */,
			);
			path = MSLocationService;
			sourceTree = "<group>";
		};
		EC37A1531D3346A30032D738 /* Frameworks */ = {
			isa = PBXGroup;
			children = (
				EC37A2331D336F0F0032D738 /* MAMapKit.framework */,
				EC37A2471D3370ED0032D738 /* CoreGraphics.framework */,
				EC37A2451D3370E30032D738 /* SystemConfiguration.framework */,
				EC37A2431D3370DB0032D738 /* Security.framework */,
				EC37A2411D3370D30032D738 /* CoreTelephony.framework */,
				EC37A23F1D3370C90032D738 /* AddressBook.framework */,
				EC37A23D1D3370C10032D738 /* AVFoundation.framework */,
				EC37A23B1D3370BB0032D738 /* AudioToolbox.framework */,
				EC37A2391D336FBD0032D738 /* AMapSearchKit.framework */,
				EC37A22F1D336D250032D738 /* libsqlite3.tbd */,
				EC37A2271D336ADE0032D738 /* libc++.tbd */,
				EC37A2251D3368B50032D738 /* libz.tbd */,
				EC37A2231D3368A20032D738 /* libstdc++.6.0.9.tbd */,
				138FF1923092ED0DCD24B887 /* libPods.a */,
			);
			name = Frameworks;
			sourceTree = "<group>";
		};
		EC37A1861D334D490032D738 /* RNComponents */ = {
			isa = PBXGroup;
			children = (
				EC13647A1D34CE2D001912E4 /* MSLocationService */,
				EC37A1871D334D490032D738 /* AppDelegate.h */,
				EC37A1881D334D490032D738 /* AppDelegate.m */,
				EC37A1891D334D490032D738 /* LaunchScreen.xib */,
				EC37A18B1D334D490032D738 /* Images.xcassets */,
				EC37A18C1D334D490032D738 /* Info.plist */,
				EC37A18D1D334D490032D738 /* main.m */,
				EC37A18E1D334D490032D738 /* MSBase */,
				EC37A1931D334D490032D738 /* MSCircleTextView */,
				EC37A2491D3489580032D738 /* MSConfig.h */,
				EC37A1991D334D490032D738 /* MSConfig.m */,
				EC37A19A1D334D490032D738 /* MSHtmlTxt */,
				EC37A19F1D334D490032D738 /* MSImageEditor */,
				EC37A1AC1D334D490032D738 /* MSMapView */,
				EC37A1BE1D334D490032D738 /* MSMaskInput */,
				EC37A1C31D334D490032D738 /* MSOverlay */,
				EC37A1CA1D334D490032D738 /* MSPhotoPicker */,
				EC37A1CD1D334D490032D738 /* MSPicker */,
				EC37A1D21D334D490032D738 /* MSSilder */,
				EC37A1D71D334D490032D738 /* MSTableView */,
			);
			path = RNComponents;
			sourceTree = "<group>";
		};
		EC37A18E1D334D490032D738 /* MSBase */ = {
			isa = PBXGroup;
			children = (
				EC37A18F1D334D490032D738 /* MSColor.h */,
				EC37A1901D334D490032D738 /* MSColor.m */,
				EC37A1911D334D490032D738 /* MSFont.h */,
				EC37A1921D334D490032D738 /* MSFont.m */,
			);
			path = MSBase;
			sourceTree = "<group>";
		};
		EC37A1931D334D490032D738 /* MSCircleTextView */ = {
			isa = PBXGroup;
			children = (
				EC37A1941D334D490032D738 /* MSCircleTextManager.h */,
				EC37A1951D334D490032D738 /* MSCircleTextManager.m */,
				EC37A1961D334D490032D738 /* MSCircleTextView.h */,
				EC37A1971D334D490032D738 /* MSCircleTextView.m */,
			);
			path = MSCircleTextView;
			sourceTree = "<group>";
		};
		EC37A19A1D334D490032D738 /* MSHtmlTxt */ = {
			isa = PBXGroup;
			children = (
				EC37A19B1D334D490032D738 /* MSHtmlTxtManager.h */,
				EC37A19C1D334D490032D738 /* MSHtmlTxtManager.m */,
				EC37A19D1D334D490032D738 /* MSHtmlTxtView.h */,
				EC37A19E1D334D490032D738 /* MSHtmlTxtView.m */,
			);
			path = MSHtmlTxt;
			sourceTree = "<group>";
		};
		EC37A19F1D334D490032D738 /* MSImageEditor */ = {
			isa = PBXGroup;
			children = (
				EC37A1A01D334D490032D738 /* RNImageCrop.h */,
				EC37A1A11D334D490032D738 /* RNImageCrop.m */,
				EC37A1A21D334D490032D738 /* RNImageEditor.h */,
				EC37A1A31D334D490032D738 /* RNImageEditor.m */,
				EC37A1A41D334D490032D738 /* RNImageEditorManager.h */,
				EC37A1A51D334D490032D738 /* RNImageEditorManager.m */,
				EC37A1A61D334D490032D738 /* UIImage+Alpha.h */,
				EC37A1A71D334D490032D738 /* UIImage+Alpha.m */,
				EC37A1A81D334D490032D738 /* UIImage+Resize.h */,
				EC37A1A91D334D490032D738 /* UIImage+Resize.m */,
				EC37A1AA1D334D490032D738 /* UIImage+RoundedCorne.h */,
				EC37A1AB1D334D490032D738 /* UIImage+RoundedCorne.m */,
			);
			path = MSImageEditor;
			sourceTree = "<group>";
		};
		EC37A1AC1D334D490032D738 /* MSMapView */ = {
			isa = PBXGroup;
			children = (
				EC37A1AD1D334D490032D738 /* MSAddress.h */,
				EC37A1AE1D334D490032D738 /* MSAddress.m */,
				EC37A1AF1D334D490032D738 /* MSAdjustViewController.h */,
				EC37A1B01D334D490032D738 /* MSAdjustViewController.m */,
				EC37A1B11D334D490032D738 /* MSAdjustViewController.xib */,
				EC37A1B21D334D490032D738 /* MSCustomAnnotationView.h */,
				EC37A1B31D334D490032D738 /* MSCustomAnnotationView.m */,
				EC37A1B41D334D490032D738 /* MSCustomCalloutView.h */,
				EC37A1B51D334D490032D738 /* MSCustomCalloutView.m */,
				EC37A1B61D334D490032D738 /* MSMapController.h */,
				EC37A1B71D334D490032D738 /* MSMapController.m */,
				EC37A1B81D334D490032D738 /* MSMapStatus.h */,
				EC37A1B91D334D490032D738 /* MSMapStatus.m */,
				EC37A1BA1D334D490032D738 /* MSMapViewManager.h */,
				EC37A1BB1D334D490032D738 /* MSMapViewManager.m */,
				EC37A1BC1D334D490032D738 /* MSSearchMapController.h */,
				EC37A1BD1D334D490032D738 /* MSSearchMapController.m */,
			);
			path = MSMapView;
			sourceTree = "<group>";
		};
		EC37A1BE1D334D490032D738 /* MSMaskInput */ = {
			isa = PBXGroup;
			children = (
				EC37A1BF1D334D490032D738 /* MSMaskInput.h */,
				EC37A1C01D334D490032D738 /* MSMaskInput.m */,
				EC37A1C11D334D490032D738 /* MSMaskInputManager.h */,
				EC37A1C21D334D490032D738 /* MSMaskInputManager.m */,
			);
			path = MSMaskInput;
			sourceTree = "<group>";
		};
		EC37A1C31D334D490032D738 /* MSOverlay */ = {
			isa = PBXGroup;
			children = (
				EC37A1C41D334D490032D738 /* MSOverlay.h */,
				EC37A1C51D334D490032D738 /* MSOverlay.m */,
				EC37A1C61D334D490032D738 /* MSOverlayManager.h */,
				EC37A1C71D334D490032D738 /* MSOverlayManager.m */,
				EC37A1C81D334D490032D738 /* RNClickThroughWindow.h */,
				EC37A1C91D334D490032D738 /* RNClickThroughWindow.m */,
			);
			path = MSOverlay;
			sourceTree = "<group>";
		};
		EC37A1CA1D334D490032D738 /* MSPhotoPicker */ = {
			isa = PBXGroup;
			children = (
				EC37A1CB1D334D490032D738 /* UIImagePickerManager.h */,
				EC37A1CC1D334D490032D738 /* UIImagePickerManager.m */,
			);
			path = MSPhotoPicker;
			sourceTree = "<group>";
		};
		EC37A1CD1D334D490032D738 /* MSPicker */ = {
			isa = PBXGroup;
			children = (
				EC37A1CE1D334D490032D738 /* MSPicker.h */,
				EC37A1CF1D334D490032D738 /* MSPicker.m */,
				EC37A1D01D334D490032D738 /* MSPickerManager.h */,
				EC37A1D11D334D490032D738 /* MSPickerManager.m */,
			);
			path = MSPicker;
			sourceTree = "<group>";
		};
		EC37A1D21D334D490032D738 /* MSSilder */ = {
			isa = PBXGroup;
			children = (
				EC37A1D31D334D490032D738 /* MSSilder.h */,
				EC37A1D41D334D490032D738 /* MSSilder.m */,
				EC37A1D51D334D490032D738 /* MSSliderManager.h */,
				EC37A1D61D334D490032D738 /* MSSliderManager.m */,
			);
			path = MSSilder;
			sourceTree = "<group>";
		};
		EC37A1D71D334D490032D738 /* MSTableView */ = {
			isa = PBXGroup;
			children = (
				EC37A1D81D334D490032D738 /* MSTableView.h */,
				EC37A1D91D334D490032D738 /* MSTableView.m */,
				EC37A1DA1D334D490032D738 /* MSTableViewManager.h */,
				EC37A1DB1D334D490032D738 /* MSTableViewManager.m */,
			);
			path = MSTableView;
			sourceTree = "<group>";
		};
/* End PBXGroup section */

/* Begin PBXNativeTarget section */
		EC1364AD1D361033001912E4 /* RNComponents */ = {
			isa = PBXNativeTarget;
			buildConfigurationList = EC1364B41D361033001912E4 /* Build configuration list for PBXNativeTarget "RNComponents" */;
			buildPhases = (
				EC1364AA1D361033001912E4 /* Sources */,
				EC1364AB1D361033001912E4 /* Frameworks */,
				EC1364AC1D361033001912E4 /* CopyFiles */,
			);
			buildRules = (
			);
			dependencies = (
			);
			name = RNComponents;
			productName = RNComponents;
			productReference = EC1364AE1D361033001912E4 /* libRNComponents.a */;
			productType = "com.apple.product-type.library.static";
		};
/* End PBXNativeTarget section */

/* Begin PBXProject section */
		83CBB9F71A601CBA00E9B192 /* Project object */ = {
			isa = PBXProject;
			attributes = {
				LastUpgradeCheck = 0610;
				ORGANIZATIONNAME = Facebook;
				TargetAttributes = {
					EC1364AD1D361033001912E4 = {
						CreatedOnToolsVersion = 7.3;
					};
				};
			};
			buildConfigurationList = 83CBB9FA1A601CBA00E9B192 /* Build configuration list for PBXProject "RNComponents" */;
			compatibilityVersion = "Xcode 3.2";
			developmentRegion = English;
			hasScannedForEncodings = 0;
			knownRegions = (
				en,
				Base,
			);
			mainGroup = 83CBB9F61A601CBA00E9B192;
			productRefGroup = 83CBBA001A601CBA00E9B192 /* Products */;
			projectDirPath = "";
			projectRoot = "";
			targets = (
				EC1364AD1D361033001912E4 /* RNComponents */,
			);
		};
/* End PBXProject section */

/* Begin PBXSourcesBuildPhase section */
		EC1364AA1D361033001912E4 /* Sources */ = {
			isa = PBXSourcesBuildPhase;
			buildActionMask = 2147483647;
			files = (
			);
			runOnlyForDeploymentPostprocessing = 0;
		};
/* End PBXSourcesBuildPhase section */

/* Begin PBXVariantGroup section */
		EC37A1891D334D490032D738 /* LaunchScreen.xib */ = {
			isa = PBXVariantGroup;
			children = (
				EC37A18A1D334D490032D738 /* Base */,
			);
			name = LaunchScreen.xib;
			sourceTree = "<group>";
		};
/* End PBXVariantGroup section */

/* Begin XCBuildConfiguration section */
		83CBBA201A601CBA00E9B192 /* Debug */ = {
			isa = XCBuildConfiguration;
			buildSettings = {
				ALWAYS_SEARCH_USER_PATHS = NO;
				CLANG_CXX_LANGUAGE_STANDARD = "gnu++0x";
				CLANG_CXX_LIBRARY = "libc++";
				CLANG_ENABLE_MODULES = YES;
				CLANG_ENABLE_OBJC_ARC = YES;
				CLANG_WARN_BOOL_CONVERSION = YES;
				CLANG_WARN_CONSTANT_CONVERSION = YES;
				CLANG_WARN_DIRECT_OBJC_ISA_USAGE = YES_ERROR;
				CLANG_WARN_EMPTY_BODY = YES;
				CLANG_WARN_ENUM_CONVERSION = YES;
				CLANG_WARN_INT_CONVERSION = YES;
				CLANG_WARN_OBJC_ROOT_CLASS = YES_ERROR;
				CLANG_WARN_UNREACHABLE_CODE = YES;
				CLANG_WARN__DUPLICATE_METHOD_MATCH = YES;
				"CODE_SIGN_IDENTITY[sdk=iphoneos*]" = "iPhone Developer";
				COPY_PHASE_STRIP = NO;
				ENABLE_STRICT_OBJC_MSGSEND = YES;
				GCC_C_LANGUAGE_STANDARD = gnu99;
				GCC_DYNAMIC_NO_PIC = NO;
				GCC_OPTIMIZATION_LEVEL = 0;
				GCC_PREPROCESSOR_DEFINITIONS = (
					"DEBUG=1",
					"$(inherited)",
				);
				GCC_SYMBOLS_PRIVATE_EXTERN = NO;
				GCC_WARN_64_TO_32_BIT_CONVERSION = YES;
				GCC_WARN_ABOUT_RETURN_TYPE = YES_ERROR;
				GCC_WARN_UNDECLARED_SELECTOR = YES;
				GCC_WARN_UNINITIALIZED_AUTOS = YES_AGGRESSIVE;
				GCC_WARN_UNUSED_FUNCTION = YES;
				GCC_WARN_UNUSED_VARIABLE = YES;
				HEADER_SEARCH_PATHS = (
					"$(inherited)",
					/Applications/Xcode.app/Contents/Developer/Toolchains/XcodeDefault.xctoolchain/usr/include,
					"$(SRCROOT)/../node_modules/react-native/React/**",
				);
				IPHONEOS_DEPLOYMENT_TARGET = 7.0;
				MTL_ENABLE_DEBUG_INFO = YES;
				ONLY_ACTIVE_ARCH = YES;
				SDKROOT = iphoneos;
			};
			name = Debug;
		};
		83CBBA211A601CBA00E9B192 /* Release */ = {
			isa = XCBuildConfiguration;
			buildSettings = {
				ALWAYS_SEARCH_USER_PATHS = NO;
				CLANG_CXX_LANGUAGE_STANDARD = "gnu++0x";
				CLANG_CXX_LIBRARY = "libc++";
				CLANG_ENABLE_MODULES = YES;
				CLANG_ENABLE_OBJC_ARC = YES;
				CLANG_WARN_BOOL_CONVERSION = YES;
				CLANG_WARN_CONSTANT_CONVERSION = YES;
				CLANG_WARN_DIRECT_OBJC_ISA_USAGE = YES_ERROR;
				CLANG_WARN_EMPTY_BODY = YES;
				CLANG_WARN_ENUM_CONVERSION = YES;
				CLANG_WARN_INT_CONVERSION = YES;
				CLANG_WARN_OBJC_ROOT_CLASS = YES_ERROR;
				CLANG_WARN_UNREACHABLE_CODE = YES;
				CLANG_WARN__DUPLICATE_METHOD_MATCH = YES;
				"CODE_SIGN_IDENTITY[sdk=iphoneos*]" = "iPhone Developer";
				COPY_PHASE_STRIP = YES;
				ENABLE_NS_ASSERTIONS = NO;
				ENABLE_STRICT_OBJC_MSGSEND = YES;
				GCC_C_LANGUAGE_STANDARD = gnu99;
				GCC_WARN_64_TO_32_BIT_CONVERSION = YES;
				GCC_WARN_ABOUT_RETURN_TYPE = YES_ERROR;
				GCC_WARN_UNDECLARED_SELECTOR = YES;
				GCC_WARN_UNINITIALIZED_AUTOS = YES_AGGRESSIVE;
				GCC_WARN_UNUSED_FUNCTION = YES;
				GCC_WARN_UNUSED_VARIABLE = YES;
				HEADER_SEARCH_PATHS = (
					"$(inherited)",
					/Applications/Xcode.app/Contents/Developer/Toolchains/XcodeDefault.xctoolchain/usr/include,
					"$(SRCROOT)/../node_modules/react-native/React/**",
				);
				IPHONEOS_DEPLOYMENT_TARGET = 7.0;
				MTL_ENABLE_DEBUG_INFO = NO;
				SDKROOT = iphoneos;
				VALIDATE_PRODUCT = YES;
			};
			name = Release;
		};
		EC1364B51D361033001912E4 /* Debug */ = {
			isa = XCBuildConfiguration;
			buildSettings = {
				CLANG_ANALYZER_NONNULL = YES;
				DEBUG_INFORMATION_FORMAT = "dwarf-with-dsym";
				ENABLE_ON_DEMAND_RESOURCES = NO;
				ENABLE_TESTABILITY = NO;
				GCC_NO_COMMON_BLOCKS = NO;
				IPHONEOS_DEPLOYMENT_TARGET = 9.3;
				OTHER_LDFLAGS = "-ObjC";
				PRODUCT_NAME = "$(TARGET_NAME)";
				SKIP_INSTALL = YES;
			};
			name = Debug;
		};
		EC1364B61D361033001912E4 /* Release */ = {
			isa = XCBuildConfiguration;
			buildSettings = {
				CLANG_ANALYZER_NONNULL = YES;
				COPY_PHASE_STRIP = YES;
				DEBUG_INFORMATION_FORMAT = "dwarf-with-dsym";
				ENABLE_ON_DEMAND_RESOURCES = NO;
				ENABLE_TESTABILITY = NO;
				GCC_NO_COMMON_BLOCKS = NO;
				IPHONEOS_DEPLOYMENT_TARGET = 9.3;
				OTHER_LDFLAGS = "-ObjC";
				PRODUCT_NAME = "$(TARGET_NAME)";
				SKIP_INSTALL = YES;
			};
			name = Release;
		};
/* End XCBuildConfiguration section */

/* Begin XCConfigurationList section */
		83CBB9FA1A601CBA00E9B192 /* Build configuration list for PBXProject "RNComponents" */ = {
			isa = XCConfigurationList;
			buildConfigurations = (
				83CBBA201A601CBA00E9B192 /* Debug */,
				83CBBA211A601CBA00E9B192 /* Release */,
			);
			defaultConfigurationIsVisible = 0;
			defaultConfigurationName = Release;
		};
		EC1364B41D361033001912E4 /* Build configuration list for PBXNativeTarget "RNComponents" */ = {
			isa = XCConfigurationList;
			buildConfigurations = (
				EC1364B51D361033001912E4 /* Debug */,
				EC1364B61D361033001912E4 /* Release */,
			);
			defaultConfigurationIsVisible = 0;
			defaultConfigurationName = Release;
		};
/* End XCConfigurationList section */
	};
	rootObject = 83CBB9F71A601CBA00E9B192 /* Project object */;
}
